github.com/cdvelop/tinyreflect v0.0.33 h1:DYR20o/bLjY4L7c/5IjeDRxOsWsGIQDaoarHXqllQf8=
github.com/cdvelop/tinyreflect v0.0.33/go.mod h1:6+XWgo0mGawupPZtL19aDgxUNXmI3Bakvq2TzeK0A80=
github.com/cdvelop/tinystring v0.1.44 h1:+YZn0blN+m5ofBA+hHFJiRaFKISnClZLzftFGu9SCsw=
github.com/cdvelop/tinystring v0.1.44/go.mod h1:85ltrACJtjf1Zu/o8kqwHGKAiN0oBwb+TR2tkXdURJo=
