github.com/cdvelop/tinyreflect v0.0.37 h1:OoJQHGokN0dmhoD3T1eZoMtLZpWg4hSWOPZKVVGJTfQ=
github.com/cdvelop/tinyreflect v0.0.37/go.mod h1:VPxmYjID9Lep+Pgq6y6G01nE6KKXdMJkIwvZxYoqQAM=
github.com/cdvelop/tinystring v0.1.62 h1:xIOQT8O31Iec4IJXSWlzdTbdDS3l3Xf9xRrtft2AnHU=
github.com/cdvelop/tinystring v0.1.62/go.mod h1:85ltrACJtjf1Zu/o8kqwHGKAiN0oBwb+TR2tkXdURJo=
